
Microsoft Visual Studio Solution File, Format Version 12.00
# Visual Studio Version 17
VisualStudioVersion = 17.14.36301.6 d17.14
MinimumVisualStudioVersion = 10.0.40219.1
Project("{8BC9CEB8-8B4A-11D0-8D11-00A0C91BC942}") = "ProjectTwo", "ProjectTwo.vcxproj", "{2BEC2227-4F6A-4CE5-86C4-636358AB4413}"
EndProject
Global
	GlobalSection(SolutionConfigurationPlatforms) = preSolution
		Debug|x64 = Debug|x64
		Debug|x86 = Debug|x86
		Release|x64 = Release|x64
		Release|x86 = Release|x86
	EndGlobalSection
	GlobalSection(ProjectConfigurationPlatforms) = postSolution
		{2BEC2227-4F6A-4CE5-86C4-636358AB4413}.Debug|x64.ActiveCfg = Debug|x64
		{2BEC2227-4F6A-4CE5-86C4-636358AB4413}.Debug|x64.Build.0 = Debug|x64
		{2BEC2227-4F6A-4CE5-86C4-636358AB4413}.Debug|x86.ActiveCfg = Debug|Win32
		{2BEC2227-4F6A-4CE5-86C4-636358AB4413}.Debug|x86.Build.0 = Debug|Win32
		{2BEC2227-4F6A-4CE5-86C4-636358AB4413}.Release|x64.ActiveCfg = Release|x64
		{2BEC2227-4F6A-4CE5-86C4-636358AB4413}.Release|x64.Build.0 = Release|x64
		{2BEC2227-4F6A-4CE5-86C4-636358AB4413}.Release|x86.ActiveCfg = Release|Win32
		{2BEC2227-4F6A-4CE5-86C4-636358AB4413}.Release|x86.Build.0 = Release|Win32
	EndGlobalSection
	GlobalSection(SolutionProperties) = preSolution
		HideSolutionNode = FALSE
	EndGlobalSection
	GlobalSection(ExtensibilityGlobals) = postSolution
		SolutionGuid = {318CAD10-938B-4575-A29F-B91C993FFDE6}
	EndGlobalSection
EndGlobal
